{
  "name": "codex-fullstack-project",
  "version": "1.0.0",
  "lockfileVersion": 3,
  "requires": true,
  "packages": {
    "": {
      "name": "codex-fullstack-project",
      "version": "1.0.0",
      "license": "MIT",
      "workspaces": [
        "apps/mobile",
        "apps/api"
      ]
    },
    "apps/api": {
      "name": "@codex-fullstack/api",
      "version": "1.0.0",
      "license": "MIT"
    },
    "apps/mobile": {
      "name": "@codex-fullstack/mobile",
      "version": "1.0.0",
      "license": "MIT"
    },
    "node_modules/@codex-fullstack/api": {
      "resolved": "apps/api",
      "link": true
    },
    "node_modules/@codex-fullstack/mobile": {
      "resolved": "apps/mobile",
      "link": true
    }
  }
}
